// !$*UTF8*$!
{
	archiveVersion = 1;
	classes = {
	};
	objectVersion = 46;
	objects = {

/* Begin PBXBuildFile section */
		590CCBB01EB9FD3E007AC143 /* Callback.h in Headers */ = {isa = PBXBuildFile; fileRef = 590CCBA31EB9FD3E007AC143 /* Callback.h */; };
		590CCBB11EB9FD3E007AC143 /* CallbackTester.cpp in Sources */ = {isa = PBXBuildFile; fileRef = 590CCBA41EB9FD3E007AC143 /* CallbackTester.cpp */; };
		590CCBB21EB9FD3E007AC143 /* CallbackTester.h in Headers */ = {isa = PBXBuildFile; fileRef = 590CCBA51EB9FD3E007AC143 /* CallbackTester.h */; };
		590CCBB31EB9FD3E007AC143 /* Integer.h in Headers */ = {isa = PBXBuildFile; fileRef = 590CCBA61EB9FD3E007AC143 /* Integer.h */; };
		590CCBB41EB9FD3E007AC143 /* MultipleInheritance.cpp in Sources */ = {isa = PBXBuildFile; fileRef = 590CCBA71EB9FD3E007AC143 /* MultipleInheritance.cpp */; };
		590CCBB51EB9FD3E007AC143 /* MultipleInheritance.h in Headers */ = {isa = PBXBuildFile; fileRef = 590CCBA81EB9FD3E007AC143 /* MultipleInheritance.h */; };
		590CCBB61EB9FD3E007AC143 /* SimpleClass.cpp in Sources */ = {isa = PBXBuildFile; fileRef = 590CCBA91EB9FD3E007AC143 /* SimpleClass.cpp */; };
		590CCBB71EB9FD3E007AC143 /* SimpleClass.h in Headers */ = {isa = PBXBuildFile; fileRef = 590CCBAA1EB9FD3E007AC143 /* SimpleClass.h */; };
		590CCBB81EB9FD3E007AC143 /* SimpleInterface.h in Headers */ = {isa = PBXBuildFile; fileRef = 590CCBAB1EB9FD3E007AC143 /* SimpleInterface.h */; };
		590CCBB91EB9FD3E007AC143 /* SingleInheritance.cpp in Sources */ = {isa = PBXBuildFile; fileRef = 590CCBAC1EB9FD3E007AC143 /* SingleInheritance.cpp */; };
		590CCBBA1EB9FD3E007AC143 /* SingleInheritance.h in Headers */ = {isa = PBXBuildFile; fileRef = 590CCBAD1EB9FD3E007AC143 /* SingleInheritance.h */; };
		590CCBBB1EB9FD3E007AC143 /* SmartPointers.cpp in Sources */ = {isa = PBXBuildFile; fileRef = 590CCBAE1EB9FD3E007AC143 /* SmartPointers.cpp */; };
		590CCBBC1EB9FD3E007AC143 /* SmartPointers.h in Headers */ = {isa = PBXBuildFile; fileRef = 590CCBAF1EB9FD3E007AC143 /* SmartPointers.h */; };
		590CCBC61EBA015E007AC143 /* Converter.h in Headers */ = {isa = PBXBuildFile; fileRef = 590CCBBF1EBA015E007AC143 /* Converter.h */; };
		590CCBC71EBA015E007AC143 /* Functional.h in Headers */ = {isa = PBXBuildFile; fileRef = 590CCBC01EBA015E007AC143 /* Functional.h */; };
		590CCBC81EBA015E007AC143 /* objc_core.h in Headers */ = {isa = PBXBuildFile; fileRef = 590CCBC11EBA015E007AC143 /* objc_core.h */; };
		590CCBCA1EBA015E007AC143 /* Proxy.h in Headers */ = {isa = PBXBuildFile; fileRef = 590CCBC31EBA015E007AC143 /* Proxy.h */; };
		590CCBCC1EBA1900007AC143 /* Converter.mm in Sources */ = {isa = PBXBuildFile; fileRef = 590CCBCB1EBA1900007AC143 /* Converter.mm */; };
		5989E6B21EB3BF8A0023D5F6 /* SimpleClassTests.m in Sources */ = {isa = PBXBuildFile; fileRef = 5989E6B11EB3BF8A0023D5F6 /* SimpleClassTests.m */; };
		5989E6B41EB3BF8A0023D5F6 /* libobjc.dylib in Frameworks */ = {isa = PBXBuildFile; fileRef = 5989E69F1EB3BF520023D5F6 /* libobjc.dylib */; };
		5989E6BC1EB3C1310023D5F6 /* OCWSimpleClass.h in Headers */ = {isa = PBXBuildFile; fileRef = 5989E6BA1EB3C1310023D5F6 /* OCWSimpleClass.h */; };
		5989E6BD1EB3C1310023D5F6 /* OCWSimpleClass.mm in Sources */ = {isa = PBXBuildFile; fileRef = 5989E6BB1EB3C1310023D5F6 /* OCWSimpleClass.mm */; };
		5989E6C01EB3C3990023D5F6 /* OCWInteger.h in Headers */ = {isa = PBXBuildFile; fileRef = 5989E6BE1EB3C3990023D5F6 /* OCWInteger.h */; };
		5989E6C11EB3C3990023D5F6 /* OCWInteger.mm in Sources */ = {isa = PBXBuildFile; fileRef = 5989E6BF1EB3C3990023D5F6 /* OCWInteger.mm */; };
		5994F40F1EC06EEC00633700 /* OCWSmartPointers.h in Headers */ = {isa = PBXBuildFile; fileRef = 5994F40D1EC06EEC00633700 /* OCWSmartPointers.h */; };
		5994F4101EC06EEC00633700 /* OCWSmartPointers.mm in Sources */ = {isa = PBXBuildFile; fileRef = 5994F40E1EC06EEC00633700 /* OCWSmartPointers.mm */; };
		5994F4151EC0A4BF00633700 /* SmartPointersTests.m in Sources */ = {isa = PBXBuildFile; fileRef = 5994F4141EC0A4BF00633700 /* SmartPointersTests.m */; };
		5994F4181EC0AA5A00633700 /* OCWCallbackTester.h in Headers */ = {isa = PBXBuildFile; fileRef = 5994F4161EC0AA5A00633700 /* OCWCallbackTester.h */; };
		5994F4191EC0AA5A00633700 /* OCWCallbackTester.mm in Sources */ = {isa = PBXBuildFile; fileRef = 5994F4171EC0AA5A00633700 /* OCWCallbackTester.mm */; };
		5994F41C1EC0AACC00633700 /* OCWCallback.h in Headers */ = {isa = PBXBuildFile; fileRef = 5994F41B1EC0AACC00633700 /* OCWCallback.h */; };
		5994F41E1EC0AFDA00633700 /* CallbackTests.m in Sources */ = {isa = PBXBuildFile; fileRef = 5994F41D1EC0AFDA00633700 /* CallbackTests.m */; };
		59A163541EB7D8B6004B6F31 /* OCWInteger-internal.h in Headers */ = {isa = PBXBuildFile; fileRef = 59A163531EB7D8B6004B6F31 /* OCWInteger-internal.h */; };
/* End PBXBuildFile section */

/* Begin PBXContainerItemProxy section */
		5989E6B51EB3BF8A0023D5F6 /* PBXContainerItemProxy */ = {
			isa = PBXContainerItemProxy;
			containerPortal = 5989E6971EB3BF520023D5F6 /* Project object */;
			proxyType = 1;
			remoteGlobalIDString = 5989E69E1EB3BF520023D5F6;
			remoteInfo = objc;
		};
/* End PBXContainerItemProxy section */

/* Begin PBXFileReference section */
		590CCBA31EB9FD3E007AC143 /* Callback.h */ = {isa = PBXFileReference; fileEncoding = 4; lastKnownFileType = sourcecode.c.h; name = Callback.h; path = ../project/Callback.h; sourceTree = "<group>"; };
		590CCBA41EB9FD3E007AC143 /* CallbackTester.cpp */ = {isa = PBXFileReference; fileEncoding = 4; lastKnownFileType = sourcecode.cpp.cpp; name = CallbackTester.cpp; path = ../project/CallbackTester.cpp; sourceTree = "<group>"; };
		590CCBA51EB9FD3E007AC143 /* CallbackTester.h */ = {isa = PBXFileReference; fileEncoding = 4; lastKnownFileType = sourcecode.c.h; name = CallbackTester.h; path = ../project/CallbackTester.h; sourceTree = "<group>"; };
		590CCBA61EB9FD3E007AC143 /* Integer.h */ = {isa = PBXFileReference; fileEncoding = 4; lastKnownFileType = sourcecode.c.h; name = Integer.h; path = ../project/Integer.h; sourceTree = "<group>"; };
		590CCBA71EB9FD3E007AC143 /* MultipleInheritance.cpp */ = {isa = PBXFileReference; fileEncoding = 4; lastKnownFileType = sourcecode.cpp.cpp; name = MultipleInheritance.cpp; path = ../project/MultipleInheritance.cpp; sourceTree = "<group>"; };
		590CCBA81EB9FD3E007AC143 /* MultipleInheritance.h */ = {isa = PBXFileReference; fileEncoding = 4; lastKnownFileType = sourcecode.c.h; name = MultipleInheritance.h; path = ../project/MultipleInheritance.h; sourceTree = "<group>"; };
		590CCBA91EB9FD3E007AC143 /* SimpleClass.cpp */ = {isa = PBXFileReference; fileEncoding = 4; lastKnownFileType = sourcecode.cpp.cpp; name = SimpleClass.cpp; path = ../project/SimpleClass.cpp; sourceTree = "<group>"; };
		590CCBAA1EB9FD3E007AC143 /* SimpleClass.h */ = {isa = PBXFileReference; fileEncoding = 4; lastKnownFileType = sourcecode.c.h; name = SimpleClass.h; path = ../project/SimpleClass.h; sourceTree = "<group>"; };
		590CCBAB1EB9FD3E007AC143 /* SimpleInterface.h */ = {isa = PBXFileReference; fileEncoding = 4; lastKnownFileType = sourcecode.c.h; name = SimpleInterface.h; path = ../project/SimpleInterface.h; sourceTree = "<group>"; };
		590CCBAC1EB9FD3E007AC143 /* SingleInheritance.cpp */ = {isa = PBXFileReference; fileEncoding = 4; lastKnownFileType = sourcecode.cpp.cpp; name = SingleInheritance.cpp; path = ../project/SingleInheritance.cpp; sourceTree = "<group>"; };
		590CCBAD1EB9FD3E007AC143 /* SingleInheritance.h */ = {isa = PBXFileReference; fileEncoding = 4; lastKnownFileType = sourcecode.c.h; name = SingleInheritance.h; path = ../project/SingleInheritance.h; sourceTree = "<group>"; };
		590CCBAE1EB9FD3E007AC143 /* SmartPointers.cpp */ = {isa = PBXFileReference; fileEncoding = 4; lastKnownFileType = sourcecode.cpp.cpp; name = SmartPointers.cpp; path = ../project/SmartPointers.cpp; sourceTree = "<group>"; };
		590CCBAF1EB9FD3E007AC143 /* SmartPointers.h */ = {isa = PBXFileReference; fileEncoding = 4; lastKnownFileType = sourcecode.c.h; name = SmartPointers.h; path = ../project/SmartPointers.h; sourceTree = "<group>"; };
		590CCBBF1EBA015E007AC143 /* Converter.h */ = {isa = PBXFileReference; fileEncoding = 4; lastKnownFileType = sourcecode.c.h; name = Converter.h; path = ../core/objc/Converter.h; sourceTree = "<group>"; };
		590CCBC01EBA015E007AC143 /* Functional.h */ = {isa = PBXFileReference; fileEncoding = 4; lastKnownFileType = sourcecode.c.h; name = Functional.h; path = ../core/objc/Functional.h; sourceTree = "<group>"; };
		590CCBC11EBA015E007AC143 /* objc_core.h */ = {isa = PBXFileReference; fileEncoding = 4; lastKnownFileType = sourcecode.c.h; name = objc_core.h; path = ../core/objc/objc_core.h; sourceTree = "<group>"; };
		590CCBC31EBA015E007AC143 /* Proxy.h */ = {isa = PBXFileReference; fileEncoding = 4; lastKnownFileType = sourcecode.c.h; name = Proxy.h; path = ../core/objc/Proxy.h; sourceTree = "<group>"; };
		590CCBCB1EBA1900007AC143 /* Converter.mm */ = {isa = PBXFileReference; fileEncoding = 4; lastKnownFileType = sourcecode.cpp.objcpp; name = Converter.mm; path = ../core/objc/Converter.mm; sourceTree = "<group>"; };
		5989E69F1EB3BF520023D5F6 /* libobjc.dylib */ = {isa = PBXFileReference; explicitFileType = "compiled.mach-o.dylib"; includeInIndex = 0; path = libobjc.dylib; sourceTree = BUILT_PRODUCTS_DIR; };
		5989E6AF1EB3BF8A0023D5F6 /* Tests.xctest */ = {isa = PBXFileReference; explicitFileType = wrapper.cfbundle; includeInIndex = 0; path = Tests.xctest; sourceTree = BUILT_PRODUCTS_DIR; };
		5989E6B11EB3BF8A0023D5F6 /* SimpleClassTests.m */ = {isa = PBXFileReference; lastKnownFileType = sourcecode.c.objc; path = SimpleClassTests.m; sourceTree = "<group>"; };
		5989E6B31EB3BF8A0023D5F6 /* Info.plist */ = {isa = PBXFileReference; lastKnownFileType = text.plist.xml; path = Info.plist; sourceTree = "<group>"; };
		5989E6BA1EB3C1310023D5F6 /* OCWSimpleClass.h */ = {isa = PBXFileReference; fileEncoding = 4; lastKnownFileType = sourcecode.c.h; path = OCWSimpleClass.h; sourceTree = "<group>"; };
		5989E6BB1EB3C1310023D5F6 /* OCWSimpleClass.mm */ = {isa = PBXFileReference; fileEncoding = 4; lastKnownFileType = sourcecode.cpp.objcpp; path = OCWSimpleClass.mm; sourceTree = "<group>"; };
		5989E6BE1EB3C3990023D5F6 /* OCWInteger.h */ = {isa = PBXFileReference; fileEncoding = 4; lastKnownFileType = sourcecode.c.h; path = OCWInteger.h; sourceTree = "<group>"; };
		5989E6BF1EB3C3990023D5F6 /* OCWInteger.mm */ = {isa = PBXFileReference; fileEncoding = 4; lastKnownFileType = sourcecode.cpp.objcpp; path = OCWInteger.mm; sourceTree = "<group>"; };
		5994F40D1EC06EEC00633700 /* OCWSmartPointers.h */ = {isa = PBXFileReference; fileEncoding = 4; lastKnownFileType = sourcecode.c.h; path = OCWSmartPointers.h; sourceTree = "<group>"; };
		5994F40E1EC06EEC00633700 /* OCWSmartPointers.mm */ = {isa = PBXFileReference; fileEncoding = 4; lastKnownFileType = sourcecode.cpp.objcpp; path = OCWSmartPointers.mm; sourceTree = "<group>"; };
		5994F4111EC0715900633700 /* OCWSmartPointers-internal.h */ = {isa = PBXFileReference; lastKnownFileType = sourcecode.c.h; path = "OCWSmartPointers-internal.h"; sourceTree = "<group>"; };
		5994F4141EC0A4BF00633700 /* SmartPointersTests.m */ = {isa = PBXFileReference; fileEncoding = 4; lastKnownFileType = sourcecode.c.objc; path = SmartPointersTests.m; sourceTree = "<group>"; };
		5994F4161EC0AA5A00633700 /* OCWCallbackTester.h */ = {isa = PBXFileReference; fileEncoding = 4; lastKnownFileType = sourcecode.c.h; path = OCWCallbackTester.h; sourceTree = "<group>"; };
		5994F4171EC0AA5A00633700 /* OCWCallbackTester.mm */ = {isa = PBXFileReference; fileEncoding = 4; lastKnownFileType = sourcecode.cpp.objcpp; path = OCWCallbackTester.mm; sourceTree = "<group>"; };
		5994F41A1EC0AA7200633700 /* OCWCallbackTester-internal.h */ = {isa = PBXFileReference; lastKnownFileType = sourcecode.c.h; path = "OCWCallbackTester-internal.h"; sourceTree = "<group>"; };
		5994F41B1EC0AACC00633700 /* OCWCallback.h */ = {isa = PBXFileReference; fileEncoding = 4; lastKnownFileType = sourcecode.c.h; path = OCWCallback.h; sourceTree = "<group>"; };
		5994F41D1EC0AFDA00633700 /* CallbackTests.m */ = {isa = PBXFileReference; fileEncoding = 4; lastKnownFileType = sourcecode.c.objc; path = CallbackTests.m; sourceTree = "<group>"; };
		59A163531EB7D8B6004B6F31 /* OCWInteger-internal.h */ = {isa = PBXFileReference; fileEncoding = 4; lastKnownFileType = sourcecode.c.h; path = "OCWInteger-internal.h"; sourceTree = "<group>"; };
		59A163551EB7E3F6004B6F31 /* OCWSimpleClass-internal.h */ = {isa = PBXFileReference; lastKnownFileType = sourcecode.c.h; path = "OCWSimpleClass-internal.h"; sourceTree = "<group>"; };
/* End PBXFileReference section */

/* Begin PBXFrameworksBuildPhase section */
		5989E69C1EB3BF520023D5F6 /* Frameworks */ = {
			isa = PBXFrameworksBuildPhase;
			buildActionMask = 2147483647;
			files = (
			);
			runOnlyForDeploymentPostprocessing = 0;
		};
		5989E6AC1EB3BF8A0023D5F6 /* Frameworks */ = {
			isa = PBXFrameworksBuildPhase;
			buildActionMask = 2147483647;
			files = (
				5989E6B41EB3BF8A0023D5F6 /* libobjc.dylib in Frameworks */,
			);
			runOnlyForDeploymentPostprocessing = 0;
		};
/* End PBXFrameworksBuildPhase section */

/* Begin PBXGroup section */
		590CCBA21EB9FD32007AC143 /* cpp */ = {
			isa = PBXGroup;
			children = (
				590CCBA31EB9FD3E007AC143 /* Callback.h */,
				590CCBA41EB9FD3E007AC143 /* CallbackTester.cpp */,
				590CCBA51EB9FD3E007AC143 /* CallbackTester.h */,
				590CCBA61EB9FD3E007AC143 /* Integer.h */,
				590CCBA71EB9FD3E007AC143 /* MultipleInheritance.cpp */,
				590CCBA81EB9FD3E007AC143 /* MultipleInheritance.h */,
				590CCBA91EB9FD3E007AC143 /* SimpleClass.cpp */,
				590CCBAA1EB9FD3E007AC143 /* SimpleClass.h */,
				590CCBAB1EB9FD3E007AC143 /* SimpleInterface.h */,
				590CCBAC1EB9FD3E007AC143 /* SingleInheritance.cpp */,
				590CCBAD1EB9FD3E007AC143 /* SingleInheritance.h */,
				590CCBAE1EB9FD3E007AC143 /* SmartPointers.cpp */,
				590CCBAF1EB9FD3E007AC143 /* SmartPointers.h */,
			);
			name = cpp;
			sourceTree = "<group>";
		};
		59268A101EB3E3FD0052EC66 /* objc_core */ = {
			isa = PBXGroup;
			children = (
				590CCBBF1EBA015E007AC143 /* Converter.h */,
				590CCBCB1EBA1900007AC143 /* Converter.mm */,
				590CCBC01EBA015E007AC143 /* Functional.h */,
				590CCBC11EBA015E007AC143 /* objc_core.h */,
				590CCBC31EBA015E007AC143 /* Proxy.h */,
			);
			name = objc_core;
			sourceTree = "<group>";
		};
		5989E6961EB3BF520023D5F6 = {
			isa = PBXGroup;
			children = (
				590CCBA21EB9FD32007AC143 /* cpp */,
				59268A101EB3E3FD0052EC66 /* objc_core */,
				5989E6A11EB3BF520023D5F6 /* objc */,
				5989E6B01EB3BF8A0023D5F6 /* Tests */,
				5989E6A01EB3BF520023D5F6 /* Products */,
			);
			sourceTree = "<group>";
		};
		5989E6A01EB3BF520023D5F6 /* Products */ = {
			isa = PBXGroup;
			children = (
				5989E69F1EB3BF520023D5F6 /* libobjc.dylib */,
				5989E6AF1EB3BF8A0023D5F6 /* Tests.xctest */,
			);
			name = Products;
			sourceTree = "<group>";
		};
		5989E6A11EB3BF520023D5F6 /* objc */ = {
			isa = PBXGroup;
			children = (
				59A163531EB7D8B6004B6F31 /* OCWInteger-internal.h */,
				5989E6BA1EB3C1310023D5F6 /* OCWSimpleClass.h */,
				5989E6BB1EB3C1310023D5F6 /* OCWSimpleClass.mm */,
				5989E6BE1EB3C3990023D5F6 /* OCWInteger.h */,
				5989E6BF1EB3C3990023D5F6 /* OCWInteger.mm */,
				59A163551EB7E3F6004B6F31 /* OCWSimpleClass-internal.h */,
				5994F40D1EC06EEC00633700 /* OCWSmartPointers.h */,
				5994F40E1EC06EEC00633700 /* OCWSmartPointers.mm */,
				5994F4111EC0715900633700 /* OCWSmartPointers-internal.h */,
				5994F4161EC0AA5A00633700 /* OCWCallbackTester.h */,
				5994F4171EC0AA5A00633700 /* OCWCallbackTester.mm */,
				5994F41A1EC0AA7200633700 /* OCWCallbackTester-internal.h */,
				5994F41B1EC0AACC00633700 /* OCWCallback.h */,
			);
			path = objc;
			sourceTree = "<group>";
		};
		5989E6B01EB3BF8A0023D5F6 /* Tests */ = {
			isa = PBXGroup;
			children = (
				5994F4141EC0A4BF00633700 /* SmartPointersTests.m */,
				5989E6B11EB3BF8A0023D5F6 /* SimpleClassTests.m */,
				5994F41D1EC0AFDA00633700 /* CallbackTests.m */,
				5989E6B31EB3BF8A0023D5F6 /* Info.plist */,
			);
			path = Tests;
			sourceTree = "<group>";
		};
/* End PBXGroup section */

/* Begin PBXHeadersBuildPhase section */
		5989E69D1EB3BF520023D5F6 /* Headers */ = {
			isa = PBXHeadersBuildPhase;
			buildActionMask = 2147483647;
			files = (
				590CCBC71EBA015E007AC143 /* Functional.h in Headers */,
				590CCBBC1EB9FD3E007AC143 /* SmartPointers.h in Headers */,
				59A163541EB7D8B6004B6F31 /* OCWInteger-internal.h in Headers */,
				590CCBCA1EBA015E007AC143 /* Proxy.h in Headers */,
				590CCBBA1EB9FD3E007AC143 /* SingleInheritance.h in Headers */,
				590CCBC61EBA015E007AC143 /* Converter.h in Headers */,
				590CCBB01EB9FD3E007AC143 /* Callback.h in Headers */,
				590CCBC81EBA015E007AC143 /* objc_core.h in Headers */,
				5994F40F1EC06EEC00633700 /* OCWSmartPointers.h in Headers */,
				5994F4181EC0AA5A00633700 /* OCWCallbackTester.h in Headers */,
				590CCBB21EB9FD3E007AC143 /* CallbackTester.h in Headers */,
				590CCBB71EB9FD3E007AC143 /* SimpleClass.h in Headers */,
				590CCBB81EB9FD3E007AC143 /* SimpleInterface.h in Headers */,
				590CCBB51EB9FD3E007AC143 /* MultipleInheritance.h in Headers */,
				590CCBB31EB9FD3E007AC143 /* Integer.h in Headers */,
				5994F41C1EC0AACC00633700 /* OCWCallback.h in Headers */,
				5989E6BC1EB3C1310023D5F6 /* OCWSimpleClass.h in Headers */,
				5989E6C01EB3C3990023D5F6 /* OCWInteger.h in Headers */,
			);
			runOnlyForDeploymentPostprocessing = 0;
		};
/* End PBXHeadersBuildPhase section */

/* Begin PBXNativeTarget section */
		5989E69E1EB3BF520023D5F6 /* objc */ = {
			isa = PBXNativeTarget;
			buildConfigurationList = 5989E6A81EB3BF520023D5F6 /* Build configuration list for PBXNativeTarget "objc" */;
			buildPhases = (
				5989E69B1EB3BF520023D5F6 /* Sources */,
				5989E69C1EB3BF520023D5F6 /* Frameworks */,
				5989E69D1EB3BF520023D5F6 /* Headers */,
			);
			buildRules = (
			);
			dependencies = (
			);
			name = objc;
			productName = objc;
			productReference = 5989E69F1EB3BF520023D5F6 /* libobjc.dylib */;
			productType = "com.apple.product-type.library.dynamic";
		};
		5989E6AE1EB3BF8A0023D5F6 /* Tests */ = {
			isa = PBXNativeTarget;
			buildConfigurationList = 5989E6B71EB3BF8A0023D5F6 /* Build configuration list for PBXNativeTarget "Tests" */;
			buildPhases = (
				5989E6AB1EB3BF8A0023D5F6 /* Sources */,
				5989E6AC1EB3BF8A0023D5F6 /* Frameworks */,
				5989E6AD1EB3BF8A0023D5F6 /* Resources */,
			);
			buildRules = (
			);
			dependencies = (
				5989E6B61EB3BF8A0023D5F6 /* PBXTargetDependency */,
			);
			name = Tests;
			productName = Tests;
			productReference = 5989E6AF1EB3BF8A0023D5F6 /* Tests.xctest */;
			productType = "com.apple.product-type.bundle.unit-test";
		};
/* End PBXNativeTarget section */

/* Begin PBXProject section */
		5989E6971EB3BF520023D5F6 /* Project object */ = {
			isa = PBXProject;
			attributes = {
				LastUpgradeCheck = 0830;
				ORGANIZATIONNAME = "Naum Puroski";
				TargetAttributes = {
					5989E69E1EB3BF520023D5F6 = {
						CreatedOnToolsVersion = 8.3.2;
						ProvisioningStyle = Automatic;
					};
					5989E6AE1EB3BF8A0023D5F6 = {
						CreatedOnToolsVersion = 8.3.2;
						ProvisioningStyle = Automatic;
					};
				};
			};
			buildConfigurationList = 5989E69A1EB3BF520023D5F6 /* Build configuration list for PBXProject "objc" */;
			compatibilityVersion = "Xcode 3.2";
			developmentRegion = English;
			hasScannedForEncodings = 0;
			knownRegions = (
				en,
			);
			mainGroup = 5989E6961EB3BF520023D5F6;
			productRefGroup = 5989E6A01EB3BF520023D5F6 /* Products */;
			projectDirPath = "";
			projectRoot = "";
			targets = (
				5989E69E1EB3BF520023D5F6 /* objc */,
				5989E6AE1EB3BF8A0023D5F6 /* Tests */,
			);
		};
/* End PBXProject section */

/* Begin PBXResourcesBuildPhase section */
		5989E6AD1EB3BF8A0023D5F6 /* Resources */ = {
			isa = PBXResourcesBuildPhase;
			buildActionMask = 2147483647;
			files = (
			);
			runOnlyForDeploymentPostprocessing = 0;
		};
/* End PBXResourcesBuildPhase section */

/* Begin PBXSourcesBuildPhase section */
		5989E69B1EB3BF520023D5F6 /* Sources */ = {
			isa = PBXSourcesBuildPhase;
			buildActionMask = 2147483647;
			files = (
				5994F4101EC06EEC00633700 /* OCWSmartPointers.mm in Sources */,
				590CCBB61EB9FD3E007AC143 /* SimpleClass.cpp in Sources */,
				5989E6C11EB3C3990023D5F6 /* OCWInteger.mm in Sources */,
				590CCBCC1EBA1900007AC143 /* Converter.mm in Sources */,
				590CCBB91EB9FD3E007AC143 /* SingleInheritance.cpp in Sources */,
				590CCBBB1EB9FD3E007AC143 /* SmartPointers.cpp in Sources */,
				590CCBB11EB9FD3E007AC143 /* CallbackTester.cpp in Sources */,
				5994F4191EC0AA5A00633700 /* OCWCallbackTester.mm in Sources */,
				590CCBB41EB9FD3E007AC143 /* MultipleInheritance.cpp in Sources */,
				5989E6BD1EB3C1310023D5F6 /* OCWSimpleClass.mm in Sources */,
			);
			runOnlyForDeploymentPostprocessing = 0;
		};
		5989E6AB1EB3BF8A0023D5F6 /* Sources */ = {
			isa = PBXSourcesBuildPhase;
			buildActionMask = 2147483647;
			files = (
				5989E6B21EB3BF8A0023D5F6 /* SimpleClassTests.m in Sources */,
				5994F4151EC0A4BF00633700 /* SmartPointersTests.m in Sources */,
				5994F41E1EC0AFDA00633700 /* CallbackTests.m in Sources */,
			);
			runOnlyForDeploymentPostprocessing = 0;
		};
/* End PBXSourcesBuildPhase section */

/* Begin PBXTargetDependency section */
		5989E6B61EB3BF8A0023D5F6 /* PBXTargetDependency */ = {
			isa = PBXTargetDependency;
			target = 5989E69E1EB3BF520023D5F6 /* objc */;
			targetProxy = 5989E6B51EB3BF8A0023D5F6 /* PBXContainerItemProxy */;
		};
/* End PBXTargetDependency section */

/* Begin XCBuildConfiguration section */
		5989E6A61EB3BF520023D5F6 /* Debug */ = {
			isa = XCBuildConfiguration;
			buildSettings = {
				ALWAYS_SEARCH_USER_PATHS = NO;
				CLANG_ANALYZER_NONNULL = YES;
				CLANG_ANALYZER_NUMBER_OBJECT_CONVERSION = YES_AGGRESSIVE;
				CLANG_CXX_LANGUAGE_STANDARD = "gnu++0x";
				CLANG_CXX_LIBRARY = "libc++";
				CLANG_ENABLE_MODULES = YES;
				CLANG_ENABLE_OBJC_ARC = YES;
				CLANG_WARN_BOOL_CONVERSION = YES;
				CLANG_WARN_CONSTANT_CONVERSION = YES;
				CLANG_WARN_DIRECT_OBJC_ISA_USAGE = YES_ERROR;
				CLANG_WARN_DOCUMENTATION_COMMENTS = YES;
				CLANG_WARN_EMPTY_BODY = YES;
				CLANG_WARN_ENUM_CONVERSION = YES;
				CLANG_WARN_INFINITE_RECURSION = YES;
				CLANG_WARN_INT_CONVERSION = YES;
				CLANG_WARN_OBJC_ROOT_CLASS = YES_ERROR;
				CLANG_WARN_SUSPICIOUS_MOVE = YES;
				CLANG_WARN_UNREACHABLE_CODE = YES;
				CLANG_WARN__DUPLICATE_METHOD_MATCH = YES;
				CODE_SIGN_IDENTITY = "-";
				COPY_PHASE_STRIP = NO;
				DEBUG_INFORMATION_FORMAT = dwarf;
				ENABLE_STRICT_OBJC_MSGSEND = YES;
				ENABLE_TESTABILITY = YES;
				GCC_C_LANGUAGE_STANDARD = gnu99;
				GCC_DYNAMIC_NO_PIC = NO;
				GCC_NO_COMMON_BLOCKS = YES;
				GCC_OPTIMIZATION_LEVEL = 0;
				GCC_PREPROCESSOR_DEFINITIONS = (
					"DEBUG=1",
					"$(inherited)",
				);
				GCC_WARN_64_TO_32_BIT_CONVERSION = YES;
				GCC_WARN_ABOUT_RETURN_TYPE = YES_ERROR;
				GCC_WARN_UNDECLARED_SELECTOR = YES;
				GCC_WARN_UNINITIALIZED_AUTOS = YES_AGGRESSIVE;
				GCC_WARN_UNUSED_FUNCTION = YES;
				GCC_WARN_UNUSED_VARIABLE = YES;
				MACOSX_DEPLOYMENT_TARGET = 10.12;
				MTL_ENABLE_DEBUG_INFO = YES;
				ONLY_ACTIVE_ARCH = YES;
				SDKROOT = macosx;
			};
			name = Debug;
		};
		5989E6A71EB3BF520023D5F6 /* Release */ = {
			isa = XCBuildConfiguration;
			buildSettings = {
				ALWAYS_SEARCH_USER_PATHS = NO;
				CLANG_ANALYZER_NONNULL = YES;
				CLANG_ANALYZER_NUMBER_OBJECT_CONVERSION = YES_AGGRESSIVE;
				CLANG_CXX_LANGUAGE_STANDARD = "gnu++0x";
				CLANG_CXX_LIBRARY = "libc++";
				CLANG_ENABLE_MODULES = YES;
				CLANG_ENABLE_OBJC_ARC = YES;
				CLANG_WARN_BOOL_CONVERSION = YES;
				CLANG_WARN_CONSTANT_CONVERSION = YES;
				CLANG_WARN_DIRECT_OBJC_ISA_USAGE = YES_ERROR;
				CLANG_WARN_DOCUMENTATION_COMMENTS = YES;
				CLANG_WARN_EMPTY_BODY = YES;
				CLANG_WARN_ENUM_CONVERSION = YES;
				CLANG_WARN_INFINITE_RECURSION = YES;
				CLANG_WARN_INT_CONVERSION = YES;
				CLANG_WARN_OBJC_ROOT_CLASS = YES_ERROR;
				CLANG_WARN_SUSPICIOUS_MOVE = YES;
				CLANG_WARN_UNREACHABLE_CODE = YES;
				CLANG_WARN__DUPLICATE_METHOD_MATCH = YES;
				CODE_SIGN_IDENTITY = "-";
				COPY_PHASE_STRIP = NO;
				DEBUG_INFORMATION_FORMAT = "dwarf-with-dsym";
				ENABLE_NS_ASSERTIONS = NO;
				ENABLE_STRICT_OBJC_MSGSEND = YES;
				GCC_C_LANGUAGE_STANDARD = gnu99;
				GCC_NO_COMMON_BLOCKS = YES;
				GCC_WARN_64_TO_32_BIT_CONVERSION = YES;
				GCC_WARN_ABOUT_RETURN_TYPE = YES_ERROR;
				GCC_WARN_UNDECLARED_SELECTOR = YES;
				GCC_WARN_UNINITIALIZED_AUTOS = YES_AGGRESSIVE;
				GCC_WARN_UNUSED_FUNCTION = YES;
				GCC_WARN_UNUSED_VARIABLE = YES;
				MACOSX_DEPLOYMENT_TARGET = 10.12;
				MTL_ENABLE_DEBUG_INFO = NO;
				SDKROOT = macosx;
			};
			name = Release;
		};
		5989E6A91EB3BF520023D5F6 /* Debug */ = {
			isa = XCBuildConfiguration;
			buildSettings = {
				DYLIB_COMPATIBILITY_VERSION = 1;
				DYLIB_CURRENT_VERSION = 1;
				EXECUTABLE_PREFIX = lib;
				HEADER_SEARCH_PATHS = (
					../core,
					../project,
					../core/objc,
				);
				PRODUCT_NAME = "$(TARGET_NAME)";
			};
			name = Debug;
		};
		5989E6AA1EB3BF520023D5F6 /* Release */ = {
			isa = XCBuildConfiguration;
			buildSettings = {
				DYLIB_COMPATIBILITY_VERSION = 1;
				DYLIB_CURRENT_VERSION = 1;
				EXECUTABLE_PREFIX = lib;
				HEADER_SEARCH_PATHS = (
					../core,
					../project,
					../core/objc,
				);
				PRODUCT_NAME = "$(TARGET_NAME)";
			};
			name = Release;
		};
		5989E6B81EB3BF8A0023D5F6 /* Debug */ = {
			isa = XCBuildConfiguration;
			buildSettings = {
				COMBINE_HIDPI_IMAGES = YES;
				INFOPLIST_FILE = Tests/Info.plist;
				LD_RUNPATH_SEARCH_PATHS = "$(inherited) @executable_path/../Frameworks @loader_path/../Frameworks";
				PRODUCT_BUNDLE_IDENTIFIER = com.naum.puroski.Tests;
				PRODUCT_NAME = "$(TARGET_NAME)";
			};
			name = Debug;
		};
		5989E6B91EB3BF8A0023D5F6 /* Release */ = {
			isa = XCBuildConfiguration;
			buildSettings = {
				COMBINE_HIDPI_IMAGES = YES;
				INFOPLIST_FILE = Tests/Info.plist;
				LD_RUNPATH_SEARCH_PATHS = "$(inherited) @executable_path/../Frameworks @loader_path/../Frameworks";
				PRODUCT_BUNDLE_IDENTIFIER = com.naum.puroski.Tests;
				PRODUCT_NAME = "$(TARGET_NAME)";
			};
			name = Release;
		};
/* End XCBuildConfiguration section */

/* Begin XCConfigurationList section */
		5989E69A1EB3BF520023D5F6 /* Build configuration list for PBXProject "objc" */ = {
			isa = XCConfigurationList;
			buildConfigurations = (
				5989E6A61EB3BF520023D5F6 /* Debug */,
				5989E6A71EB3BF520023D5F6 /* Release */,
			);
			defaultConfigurationIsVisible = 0;
			defaultConfigurationName = Release;
		};
		5989E6A81EB3BF520023D5F6 /* Build configuration list for PBXNativeTarget "objc" */ = {
			isa = XCConfigurationList;
			buildConfigurations = (
				5989E6A91EB3BF520023D5F6 /* Debug */,
				5989E6AA1EB3BF520023D5F6 /* Release */,
			);
			defaultConfigurationIsVisible = 0;
			defaultConfigurationName = Release;
		};
		5989E6B71EB3BF8A0023D5F6 /* Build configuration list for PBXNativeTarget "Tests" */ = {
			isa = XCConfigurationList;
			buildConfigurations = (
				5989E6B81EB3BF8A0023D5F6 /* Debug */,
				5989E6B91EB3BF8A0023D5F6 /* Release */,
			);
			defaultConfigurationIsVisible = 0;
			defaultConfigurationName = Release;
		};
/* End XCConfigurationList section */
	};
	rootObject = 5989E6971EB3BF520023D5F6 /* Project object */;
}
